// !$*UTF8*$!
{
	archiveVersion = 1;
	classes = {
	};
	objectVersion = 46;
	objects = {

/* Begin PBXBuildFile section */
		4575768C1F61E2FB0089CBFF /* AppDelegate.swift in Sources */ = {isa = PBXBuildFile; fileRef = 4575768B1F61E2FB0089CBFF /* AppDelegate.swift */; };
		4575768E1F61E2FB0089CBFF /* PendingViewController.swift in Sources */ = {isa = PBXBuildFile; fileRef = 4575768D1F61E2FB0089CBFF /* PendingViewController.swift */; };
		457576911F61E2FB0089CBFF /* Main.storyboard in Resources */ = {isa = PBXBuildFile; fileRef = 4575768F1F61E2FB0089CBFF /* Main.storyboard */; };
		457576931F61E2FB0089CBFF /* Assets.xcassets in Resources */ = {isa = PBXBuildFile; fileRef = 457576921F61E2FB0089CBFF /* Assets.xcassets */; };
		457576961F61E2FB0089CBFF /* LaunchScreen.storyboard in Resources */ = {isa = PBXBuildFile; fileRef = 457576941F61E2FB0089CBFF /* LaunchScreen.storyboard */; };
		4598F7391F6311B500CC7FEF /* DoneViewController.swift in Sources */ = {isa = PBXBuildFile; fileRef = 4598F7381F6311B500CC7FEF /* DoneViewController.swift */; };
		45B009B71F6320E700AD9A06 /* PendingTableViewCell.swift in Sources */ = {isa = PBXBuildFile; fileRef = 45B009B61F6320E700AD9A06 /* PendingTableViewCell.swift */; };
		45B009B91F63210400AD9A06 /* DoneTableViewCell.swift in Sources */ = {isa = PBXBuildFile; fileRef = 45B009B81F63210400AD9A06 /* DoneTableViewCell.swift */; };
		45B009BB1F6335C900AD9A06 /* AddTaskViewController.swift in Sources */ = {isa = PBXBuildFile; fileRef = 45B009BA1F6335C900AD9A06 /* AddTaskViewController.swift */; };
/* End PBXBuildFile section */

/* Begin PBXFileReference section */
		457576881F61E2FB0089CBFF /* TODOListApp.app */ = {isa = PBXFileReference; explicitFileType = wrapper.application; includeInIndex = 0; path = TODOListApp.app; sourceTree = BUILT_PRODUCTS_DIR; };
		4575768B1F61E2FB0089CBFF /* AppDelegate.swift */ = {isa = PBXFileReference; lastKnownFileType = sourcecode.swift; path = AppDelegate.swift; sourceTree = "<group>"; };
		4575768D1F61E2FB0089CBFF /* PendingViewController.swift */ = {isa = PBXFileReference; lastKnownFileType = sourcecode.swift; path = PendingViewController.swift; sourceTree = "<group>"; };
		457576901F61E2FB0089CBFF /* Base */ = {isa = PBXFileReference; lastKnownFileType = file.storyboard; name = Base; path = Base.lproj/Main.storyboard; sourceTree = "<group>"; };
		457576921F61E2FB0089CBFF /* Assets.xcassets */ = {isa = PBXFileReference; lastKnownFileType = folder.assetcatalog; path = Assets.xcassets; sourceTree = "<group>"; };
		457576951F61E2FB0089CBFF /* Base */ = {isa = PBXFileReference; lastKnownFileType = file.storyboard; name = Base; path = Base.lproj/LaunchScreen.storyboard; sourceTree = "<group>"; };
		457576971F61E2FB0089CBFF /* Info.plist */ = {isa = PBXFileReference; lastKnownFileType = text.plist.xml; path = Info.plist; sourceTree = "<group>"; };
		4598F7381F6311B500CC7FEF /* DoneViewController.swift */ = {isa = PBXFileReference; fileEncoding = 4; lastKnownFileType = sourcecode.swift; path = DoneViewController.swift; sourceTree = "<group>"; };
		45B009B61F6320E700AD9A06 /* PendingTableViewCell.swift */ = {isa = PBXFileReference; fileEncoding = 4; lastKnownFileType = sourcecode.swift; path = PendingTableViewCell.swift; sourceTree = "<group>"; };
		45B009B81F63210400AD9A06 /* DoneTableViewCell.swift */ = {isa = PBXFileReference; fileEncoding = 4; lastKnownFileType = sourcecode.swift; path = DoneTableViewCell.swift; sourceTree = "<group>"; };
		45B009BA1F6335C900AD9A06 /* AddTaskViewController.swift */ = {isa = PBXFileReference; fileEncoding = 4; lastKnownFileType = sourcecode.swift; path = AddTaskViewController.swift; sourceTree = "<group>"; };
/* End PBXFileReference section */

/* Begin PBXFrameworksBuildPhase section */
		457576851F61E2FB0089CBFF /* Frameworks */ = {
			isa = PBXFrameworksBuildPhase;
			buildActionMask = 2147483647;
			files = (
			);
			runOnlyForDeploymentPostprocessing = 0;
		};
/* End PBXFrameworksBuildPhase section */

/* Begin PBXGroup section */
		4575767F1F61E2FB0089CBFF = {
			isa = PBXGroup;
			children = (
				4575768A1F61E2FB0089CBFF /* TODOListApp */,
				457576891F61E2FB0089CBFF /* Products */,
			);
			sourceTree = "<group>";
		};
		457576891F61E2FB0089CBFF /* Products */ = {
			isa = PBXGroup;
			children = (
				457576881F61E2FB0089CBFF /* TODOListApp.app */,
			);
			name = Products;
			sourceTree = "<group>";
		};
		4575768A1F61E2FB0089CBFF /* TODOListApp */ = {
			isa = PBXGroup;
			children = (
				4575768B1F61E2FB0089CBFF /* AppDelegate.swift */,
				4575768D1F61E2FB0089CBFF /* PendingViewController.swift */,
				4575768F1F61E2FB0089CBFF /* Main.storyboard */,
				45B009BA1F6335C900AD9A06 /* AddTaskViewController.swift */,
				457576921F61E2FB0089CBFF /* Assets.xcassets */,
				457576941F61E2FB0089CBFF /* LaunchScreen.storyboard */,
				457576971F61E2FB0089CBFF /* Info.plist */,
				4598F7381F6311B500CC7FEF /* DoneViewController.swift */,
				45B009B61F6320E700AD9A06 /* PendingTableViewCell.swift */,
				45B009B81F63210400AD9A06 /* DoneTableViewCell.swift */,
			);
			path = TODOListApp;
			sourceTree = "<group>";
		};
/* End PBXGroup section */

/* Begin PBXNativeTarget section */
		457576871F61E2FB0089CBFF /* TODOListApp */ = {
			isa = PBXNativeTarget;
			buildConfigurationList = 4575769A1F61E2FB0089CBFF /* Build configuration list for PBXNativeTarget "TODOListApp" */;
			buildPhases = (
				457576841F61E2FB0089CBFF /* Sources */,
				457576851F61E2FB0089CBFF /* Frameworks */,
				457576861F61E2FB0089CBFF /* Resources */,
			);
			buildRules = (
			);
			dependencies = (
			);
			name = TODOListApp;
			productName = TODOListApp;
			productReference = 457576881F61E2FB0089CBFF /* TODOListApp.app */;
			productType = "com.apple.product-type.application";
		};
/* End PBXNativeTarget section */

/* Begin PBXProject section */
		457576801F61E2FB0089CBFF /* Project object */ = {
			isa = PBXProject;
			attributes = {
				LastSwiftUpdateCheck = 0830;
				LastUpgradeCheck = 0830;
				ORGANIZATIONNAME = refat;
				TargetAttributes = {
					457576871F61E2FB0089CBFF = {
						CreatedOnToolsVersion = 8.3.3;
						ProvisioningStyle = Automatic;
					};
				};
			};
			buildConfigurationList = 457576831F61E2FB0089CBFF /* Build configuration list for PBXProject "TODOListApp" */;
			compatibilityVersion = "Xcode 3.2";
			developmentRegion = English;
			hasScannedForEncodings = 0;
			knownRegions = (
				en,
				Base,
			);
			mainGroup = 4575767F1F61E2FB0089CBFF;
			productRefGroup = 457576891F61E2FB0089CBFF /* Products */;
			projectDirPath = "";
			projectRoot = "";
			targets = (
				457576871F61E2FB0089CBFF /* TODOListApp */,
			);
		};
/* End PBXProject section */

/* Begin PBXResourcesBuildPhase section */
		457576861F61E2FB0089CBFF /* Resources */ = {
			isa = PBXResourcesBuildPhase;
			buildActionMask = 2147483647;
			files = (
				457576961F61E2FB0089CBFF /* LaunchScreen.storyboard in Resources */,
				457576931F61E2FB0089CBFF /* Assets.xcassets in Resources */,
				457576911F61E2FB0089CBFF /* Main.storyboard in Resources */,
			);
			runOnlyForDeploymentPostprocessing = 0;
		};
/* End PBXResourcesBuildPhase section */

/* Begin PBXSourcesBuildPhase section */
		457576841F61E2FB0089CBFF /* Sources */ = {
			isa = PBXSourcesBuildPhase;
			buildActionMask = 2147483647;
			files = (
				4575768E1F61E2FB0089CBFF /* PendingViewController.swift in Sources */,
				45B009BB1F6335C900AD9A06 /* AddTaskViewController.swift in Sources */,
				45B009B71F6320E700AD9A06 /* PendingTableViewCell.swift in Sources */,
				4598F7391F6311B500CC7FEF /* DoneViewController.swift in Sources */,
				45B009B91F63210400AD9A06 /* DoneTableViewCell.swift in Sources */,
				4575768C1F61E2FB0089CBFF /* AppDelegate.swift in Sources */,
			);
			runOnlyForDeploymentPostprocessing = 0;
		};
/* End PBXSourcesBuildPhase section */

/* Begin PBXVariantGroup section */
		4575768F1F61E2FB0089CBFF /* Main.storyboard */ = {
			isa = PBXVariantGroup;
			children = (
				457576901F61E2FB0089CBFF /* Base */,
			);
			name = Main.storyboard;
			sourceTree = "<group>";
		};
		457576941F61E2FB0089CBFF /* LaunchScreen.storyboard */ = {
			isa = PBXVariantGroup;
			children = (
				457576951F61E2FB0089CBFF /* Base */,
			);
			name = LaunchScreen.storyboard;
			sourceTree = "<group>";
		};
/* End PBXVariantGroup section */

/* Begin XCBuildConfiguration section */
		457576981F61E2FB0089CBFF /* Debug */ = {
			isa = XCBuildConfiguration;
			buildSettings = {
				ALWAYS_SEARCH_USER_PATHS = NO;
				CLANG_ANALYZER_NONNULL = YES;
				CLANG_ANALYZER_NUMBER_OBJECT_CONVERSION = YES_AGGRESSIVE;
				CLANG_CXX_LANGUAGE_STANDARD = "gnu++0x";
				CLANG_CXX_LIBRARY = "libc++";
				CLANG_ENABLE_MODULES = YES;
				CLANG_ENABLE_OBJC_ARC = YES;
				CLANG_WARN_BOOL_CONVERSION = YES;
				CLANG_WARN_CONSTANT_CONVERSION = YES;
				CLANG_WARN_DIRECT_OBJC_ISA_USAGE = YES_ERROR;
				CLANG_WARN_DOCUMENTATION_COMMENTS = YES;
				CLANG_WARN_EMPTY_BODY = YES;
				CLANG_WARN_ENUM_CONVERSION = YES;
				CLANG_WARN_INFINITE_RECURSION = YES;
				CLANG_WARN_INT_CONVERSION = YES;
				CLANG_WARN_OBJC_ROOT_CLASS = YES_ERROR;
				CLANG_WARN_SUSPICIOUS_MOVE = YES;
				CLANG_WARN_UNREACHABLE_CODE = YES;
				CLANG_WARN__DUPLICATE_METHOD_MATCH = YES;
				"CODE_SIGN_IDENTITY[sdk=iphoneos*]" = "iPhone Developer";
				COPY_PHASE_STRIP = NO;
				DEBUG_INFORMATION_FORMAT = dwarf;
				ENABLE_STRICT_OBJC_MSGSEND = YES;
				ENABLE_TESTABILITY = YES;
				GCC_C_LANGUAGE_STANDARD = gnu99;
				GCC_DYNAMIC_NO_PIC = NO;
				GCC_NO_COMMON_BLOCKS = YES;
				GCC_OPTIMIZATION_LEVEL = 0;
				GCC_PREPROCESSOR_DEFINITIONS = (
					"DEBUG=1",
					"$(inherited)",
				);
				GCC_WARN_64_TO_32_BIT_CONVERSION = YES;
				GCC_WARN_ABOUT_RETURN_TYPE = YES_ERROR;
				GCC_WARN_UNDECLARED_SELECTOR = YES;
				GCC_WARN_UNINITIALIZED_AUTOS = YES_AGGRESSIVE;
				GCC_WARN_UNUSED_FUNCTION = YES;
				GCC_WARN_UNUSED_VARIABLE = YES;
				IPHONEOS_DEPLOYMENT_TARGET = 10.3;
				MTL_ENABLE_DEBUG_INFO = YES;
				ONLY_ACTIVE_ARCH = YES;
				SDKROOT = iphoneos;
				SWIFT_ACTIVE_COMPILATION_CONDITIONS = DEBUG;
				SWIFT_OPTIMIZATION_LEVEL = "-Onone";
				TARGETED_DEVICE_FAMILY = "1,2";
			};
			name = Debug;
		};
		457576991F61E2FB0089CBFF /* Release */ = {
			isa = XCBuildConfiguration;
			buildSettings = {
				ALWAYS_SEARCH_USER_PATHS = NO;
				CLANG_ANALYZER_NONNULL = YES;
				CLANG_ANALYZER_NUMBER_OBJECT_CONVERSION = YES_AGGRESSIVE;
				CLANG_CXX_LANGUAGE_STANDARD = "gnu++0x";
				CLANG_CXX_LIBRARY = "libc++";
				CLANG_ENABLE_MODULES = YES;
				CLANG_ENABLE_OBJC_ARC = YES;
				CLANG_WARN_BOOL_CONVERSION = YES;
				CLANG_WARN_CONSTANT_CONVERSION = YES;
				CLANG_WARN_DIRECT_OBJC_ISA_USAGE = YES_ERROR;
				CLANG_WARN_DOCUMENTATION_COMMENTS = YES;
				CLANG_WARN_EMPTY_BODY = YES;
				CLANG_WARN_ENUM_CONVERSION = YES;
				CLANG_WARN_INFINITE_RECURSION = YES;
				CLANG_WARN_INT_CONVERSION = YES;
				CLANG_WARN_OBJC_ROOT_CLASS = YES_ERROR;
				CLANG_WARN_SUSPICIOUS_MOVE = YES;
				CLANG_WARN_UNREACHABLE_CODE = YES;
				CLANG_WARN__DUPLICATE_METHOD_MATCH = YES;
				"CODE_SIGN_IDENTITY[sdk=iphoneos*]" = "iPhone Developer";
				COPY_PHASE_STRIP = NO;
				DEBUG_INFORMATION_FORMAT = "dwarf-with-dsym";
				ENABLE_NS_ASSERTIONS = NO;
				ENABLE_STRICT_OBJC_MSGSEND = YES;
				GCC_C_LANGUAGE_STANDARD = gnu99;
				GCC_NO_COMMON_BLOCKS = YES;
				GCC_WARN_64_TO_32_BIT_CONVERSION = YES;
				GCC_WARN_ABOUT_RETURN_TYPE = YES_ERROR;
				GCC_WARN_UNDECLARED_SELECTOR = YES;
				GCC_WARN_UNINITIALIZED_AUTOS = YES_AGGRESSIVE;
				GCC_WARN_UNUSED_FUNCTION = YES;
				GCC_WARN_UNUSED_VARIABLE = YES;
				IPHONEOS_DEPLOYMENT_TARGET = 10.3;
				MTL_ENABLE_DEBUG_INFO = NO;
				SDKROOT = iphoneos;
				SWIFT_OPTIMIZATION_LEVEL = "-Owholemodule";
				TARGETED_DEVICE_FAMILY = "1,2";
				VALIDATE_PRODUCT = YES;
			};
			name = Release;
		};
		4575769B1F61E2FB0089CBFF /* Debug */ = {
			isa = XCBuildConfiguration;
			buildSettings = {
				ASSETCATALOG_COMPILER_APPICON_NAME = AppIcon;
				INFOPLIST_FILE = TODOListApp/Info.plist;
				LD_RUNPATH_SEARCH_PATHS = "$(inherited) @executable_path/Frameworks";
				PRODUCT_BUNDLE_IDENTIFIER = com.refat.TODOListApp;
				PRODUCT_NAME = "$(TARGET_NAME)";
				SWIFT_VERSION = 3.0;
			};
			name = Debug;
		};
		4575769C1F61E2FB0089CBFF /* Release */ = {
			isa = XCBuildConfiguration;
			buildSettings = {
				ASSETCATALOG_COMPILER_APPICON_NAME = AppIcon;
				INFOPLIST_FILE = TODOListApp/Info.plist;
				LD_RUNPATH_SEARCH_PATHS = "$(inherited) @executable_path/Frameworks";
				PRODUCT_BUNDLE_IDENTIFIER = com.refat.TODOListApp;
				PRODUCT_NAME = "$(TARGET_NAME)";
				SWIFT_VERSION = 3.0;
			};
			name = Release;
		};
/* End XCBuildConfiguration section */

/* Begin XCConfigurationList section */
		457576831F61E2FB0089CBFF /* Build configuration list for PBXProject "TODOListApp" */ = {
			isa = XCConfigurationList;
			buildConfigurations = (
				457576981F61E2FB0089CBFF /* Debug */,
				457576991F61E2FB0089CBFF /* Release */,
			);
			defaultConfigurationIsVisible = 0;
			defaultConfigurationName = Release;
		};
		4575769A1F61E2FB0089CBFF /* Build configuration list for PBXNativeTarget "TODOListApp" */ = {
			isa = XCConfigurationList;
			buildConfigurations = (
				4575769B1F61E2FB0089CBFF /* Debug */,
				4575769C1F61E2FB0089CBFF /* Release */,
			);
			defaultConfigurationIsVisible = 0;
			defaultConfigurationName = Release;
		};
/* End XCConfigurationList section */
	};
	rootObject = 457576801F61E2FB0089CBFF /* Project object */;
}
